// !$*UTF8*$!
{
	archiveVersion = 1;
	classes = {
	};
	objectVersion = 50;
	objects = {

/* Begin PBXBuildFile section */
		2214C3002579324D0019701C /* String+Extension.swift in Sources */ = {isa = PBXBuildFile; fileRef = 2214C2FF2579324D0019701C /* String+Extension.swift */; };
		2214C307257932E60019701C /* AppLanguageType.swift in Sources */ = {isa = PBXBuildFile; fileRef = 2214C306257932E60019701C /* AppLanguageType.swift */; };
		2214C30E2579334A0019701C /* LocalizableProtocol.swift in Sources */ = {isa = PBXBuildFile; fileRef = 2214C30D2579334A0019701C /* LocalizableProtocol.swift */; };
		2214C317257934590019701C /* Constants.swift in Sources */ = {isa = PBXBuildFile; fileRef = 2214C316257934590019701C /* Constants.swift */; };
		2214C31D257934D60019701C /* KeysForTranslate.swift in Sources */ = {isa = PBXBuildFile; fileRef = 2214C31C257934D60019701C /* KeysForTranslate.swift */; };
		2214C324257935730019701C /* AppLanguageService.swift in Sources */ = {isa = PBXBuildFile; fileRef = 2214C323257935730019701C /* AppLanguageService.swift */; };
		2214C32E257939320019701C /* Localizable.strings in Resources */ = {isa = PBXBuildFile; fileRef = 2214C330257939320019701C /* Localizable.strings */; };
		22400A70257A701B00699223 /* WordNSNotificationName.swift in Sources */ = {isa = PBXBuildFile; fileRef = 22400A6F257A701B00699223 /* WordNSNotificationName.swift */; };
		22400A7A257A86AB00699223 /* TestCoreDataStack.swift in Sources */ = {isa = PBXBuildFile; fileRef = 22400A79257A86AB00699223 /* TestCoreDataStack.swift */; };
		22455908259C99F000B00BD3 /* EnvironmentProtocol.swift in Sources */ = {isa = PBXBuildFile; fileRef = 22455907259C99F000B00BD3 /* EnvironmentProtocol.swift */; };
		2245590D259C9A5B00B00BD3 /* APIEnvironment.swift in Sources */ = {isa = PBXBuildFile; fileRef = 2245590C259C9A5B00B00BD3 /* APIEnvironment.swift */; };
		22455912259CA2DD00B00BD3 /* RequestType.swift in Sources */ = {isa = PBXBuildFile; fileRef = 22455911259CA2DD00B00BD3 /* RequestType.swift */; };
		22455917259CA31300B00BD3 /* ResponseType.swift in Sources */ = {isa = PBXBuildFile; fileRef = 22455916259CA31300B00BD3 /* ResponseType.swift */; };
		2245591C259CA39100B00BD3 /* NetworkSessionProtocol.swift in Sources */ = {isa = PBXBuildFile; fileRef = 2245591B259CA39100B00BD3 /* NetworkSessionProtocol.swift */; };
		22455921259CA42200B00BD3 /* APINetworkSessionService.swift in Sources */ = {isa = PBXBuildFile; fileRef = 22455920259CA42200B00BD3 /* APINetworkSessionService.swift */; };
		22455926259CA76000B00BD3 /* OperationProtocol.swift in Sources */ = {isa = PBXBuildFile; fileRef = 22455925259CA76000B00BD3 /* OperationProtocol.swift */; };
		2245592B259CA7A500B00BD3 /* RequestDispatcherProtocol.swift in Sources */ = {isa = PBXBuildFile; fileRef = 2245592A259CA7A500B00BD3 /* RequestDispatcherProtocol.swift */; };
		22455930259CA7F100B00BD3 /* ResponseOperationResult.swift in Sources */ = {isa = PBXBuildFile; fileRef = 2245592F259CA7F100B00BD3 /* ResponseOperationResult.swift */; };
		22455936259CA88E00B00BD3 /* APIOperation.swift in Sources */ = {isa = PBXBuildFile; fileRef = 22455935259CA88E00B00BD3 /* APIOperation.swift */; };
		2245593B259CAC9F00B00BD3 /* APIError.swift in Sources */ = {isa = PBXBuildFile; fileRef = 2245593A259CAC9F00B00BD3 /* APIError.swift */; };
		22455940259CACE600B00BD3 /* APIRequestDispatcherService.swift in Sources */ = {isa = PBXBuildFile; fileRef = 2245593F259CACE600B00BD3 /* APIRequestDispatcherService.swift */; };
		22478AA225A348E900F8FBFC /* WordEndpoint.swift in Sources */ = {isa = PBXBuildFile; fileRef = 22478AA125A348E900F8FBFC /* WordEndpoint.swift */; };
		224826EB257D068000B56D57 /* CustomCoreDataError.swift in Sources */ = {isa = PBXBuildFile; fileRef = 224826EA257D068000B56D57 /* CustomCoreDataError.swift */; };
		224826F3257D06B700B56D57 /* ResultSavedWord.swift in Sources */ = {isa = PBXBuildFile; fileRef = 224826F2257D06B700B56D57 /* ResultSavedWord.swift */; };
		224826FE257D06DB00B56D57 /* ResultSaved.swift in Sources */ = {isa = PBXBuildFile; fileRef = 224826FD257D06DB00B56D57 /* ResultSaved.swift */; };
		22482703257D06EC00B56D57 /* FetchResultWords.swift in Sources */ = {isa = PBXBuildFile; fileRef = 22482702257D06EC00B56D57 /* FetchResultWords.swift */; };
		22482708257D070A00B56D57 /* ResultWithoutSuccessGeneric.swift in Sources */ = {isa = PBXBuildFile; fileRef = 22482707257D070A00B56D57 /* ResultWithoutSuccessGeneric.swift */; };
		2248270D257D078800B56D57 /* WordCoreDataServiceTests.swift in Sources */ = {isa = PBXBuildFile; fileRef = 2248270C257D078800B56D57 /* WordCoreDataServiceTests.swift */; };
		22482715257D1FD600B56D57 /* ResultDeletedWord.swift in Sources */ = {isa = PBXBuildFile; fileRef = 22482714257D1FD600B56D57 /* ResultDeletedWord.swift */; };
		2248641325A5E9D800F8ADE8 /* DeleteWordModel.swift in Sources */ = {isa = PBXBuildFile; fileRef = 2248641225A5E9D800F8ADE8 /* DeleteWordModel.swift */; };
		2248641825A5F66500F8ADE8 /* UpdateWordModel.swift in Sources */ = {isa = PBXBuildFile; fileRef = 2248641725A5F66500F8ADE8 /* UpdateWordModel.swift */; };
		2287C6BB2583A77F00E14F34 /* FetchResultWordsCount.swift in Sources */ = {isa = PBXBuildFile; fileRef = 2287C6BA2583A77E00E14F34 /* FetchResultWordsCount.swift */; };
		2289C800259B930B00DB941E /* HTTPHeader.swift in Sources */ = {isa = PBXBuildFile; fileRef = 2289C7FF259B930B00DB941E /* HTTPHeader.swift */; };
		2289C806259B938A00DB941E /* HTTPMethod.swift in Sources */ = {isa = PBXBuildFile; fileRef = 2289C805259B938A00DB941E /* HTTPMethod.swift */; };
		2289C80C259B9C2000DB941E /* ConcurrentOperation.swift in Sources */ = {isa = PBXBuildFile; fileRef = 2289C80B259B9C2000DB941E /* ConcurrentOperation.swift */; };
		2289C814259BA5C600DB941E /* OperationResult.swift in Sources */ = {isa = PBXBuildFile; fileRef = 2289C813259BA5C600DB941E /* OperationResult.swift */; };
		2289C81A259BA60700DB941E /* OperationState.swift in Sources */ = {isa = PBXBuildFile; fileRef = 2289C819259BA60700DB941E /* OperationState.swift */; };
		2289C820259BBDCC00DB941E /* HTTPParameters.swift in Sources */ = {isa = PBXBuildFile; fileRef = 2289C81F259BBDCC00DB941E /* HTTPParameters.swift */; };
		2289C827259BBE8200DB941E /* Endpoint.swift in Sources */ = {isa = PBXBuildFile; fileRef = 2289C826259BBE8200DB941E /* Endpoint.swift */; };
		228D4B5325810C8800E8F27E /* WordValidationError.swift in Sources */ = {isa = PBXBuildFile; fileRef = 228D4B5225810C8800E8F27E /* WordValidationError.swift */; };
		228D4B5925810FB900E8F27E /* WordValidationService.swift in Sources */ = {isa = PBXBuildFile; fileRef = 228D4B5825810FB900E8F27E /* WordValidationService.swift */; };
		229A01C2257A60FA006CF2DC /* Word+CoreDataProperties.swift in Sources */ = {isa = PBXBuildFile; fileRef = 229A01C0257A60FA006CF2DC /* Word+CoreDataProperties.swift */; };
		229A01C3257A60FA006CF2DC /* Word+CoreDataClass.swift in Sources */ = {isa = PBXBuildFile; fileRef = 229A01C1257A60FA006CF2DC /* Word+CoreDataClass.swift */; };
		229A01EF257A69B8006CF2DC /* MyDictionary.xcdatamodeld in Sources */ = {isa = PBXBuildFile; fileRef = 229A01E3257A645C006CF2DC /* MyDictionary.xcdatamodeld */; };
		229C6C2A258007950034DCD4 /* AppStyling.swift in Sources */ = {isa = PBXBuildFile; fileRef = 229C6C29258007950034DCD4 /* AppStyling.swift */; };
		229F220725A4A11C000FEFD2 /* Encodable+Extension.swift in Sources */ = {isa = PBXBuildFile; fileRef = 229F220625A4A11C000FEFD2 /* Encodable+Extension.swift */; };
		22AD16AB25A89611001E2568 /* APIWordService.swift in Sources */ = {isa = PBXBuildFile; fileRef = 22AD16AA25A89611001E2568 /* APIWordService.swift */; };
		22C3F5D6257A5DEC00449FBC /* CoreDataEntityName.swift in Sources */ = {isa = PBXBuildFile; fileRef = 22C3F5D5257A5DEC00449FBC /* CoreDataEntityName.swift */; };
		22E5C97D25795D2E00B7C347 /* AddWordProtocol.swift in Sources */ = {isa = PBXBuildFile; fileRef = 22E5C97C25795D2E00B7C347 /* AddWordProtocol.swift */; };
		22E5C98D2579638A00B7C347 /* UpdateWordProtocol.swift in Sources */ = {isa = PBXBuildFile; fileRef = 22E5C98C2579638A00B7C347 /* UpdateWordProtocol.swift */; };
		22E5C993257963D700B7C347 /* FetchWordProtocol.swift in Sources */ = {isa = PBXBuildFile; fileRef = 22E5C992257963D700B7C347 /* FetchWordProtocol.swift */; };
		22E5C9992579644100B7C347 /* DeleteWordProtocol.swift in Sources */ = {isa = PBXBuildFile; fileRef = 22E5C9982579644100B7C347 /* DeleteWordProtocol.swift */; };
		22E5C99F257965C400B7C347 /* CRUDWord.swift in Sources */ = {isa = PBXBuildFile; fileRef = 22E5C99E257965C400B7C347 /* CRUDWord.swift */; };
		22E5C9AF257967D500B7C347 /* WordCoreDataService.swift in Sources */ = {isa = PBXBuildFile; fileRef = 22E5C9AE257967D500B7C347 /* WordCoreDataService.swift */; };
		22E5C9B5257968CA00B7C347 /* WordSyncService.swift in Sources */ = {isa = PBXBuildFile; fileRef = 22E5C9B4257968CA00B7C347 /* WordSyncService.swift */; };
		22E5C9C525796AD900B7C347 /* WordManager.swift in Sources */ = {isa = PBXBuildFile; fileRef = 22E5C9C425796AD900B7C347 /* WordManager.swift */; };
		22E5C9CC25796E3000B7C347 /* AddWordView.swift in Sources */ = {isa = PBXBuildFile; fileRef = 22E5C9CB25796E3000B7C347 /* AddWordView.swift */; };
		22E5C9D225796E7300B7C347 /* AddWordPresenter.swift in Sources */ = {isa = PBXBuildFile; fileRef = 22E5C9D125796E7300B7C347 /* AddWordPresenter.swift */; };
		22E5C9D825796EE000B7C347 /* AddWordInteractor.swift in Sources */ = {isa = PBXBuildFile; fileRef = 22E5C9D725796EE000B7C347 /* AddWordInteractor.swift */; };
		22E5C9DE25796EF100B7C347 /* AddWordRouter.swift in Sources */ = {isa = PBXBuildFile; fileRef = 22E5C9DD25796EF100B7C347 /* AddWordRouter.swift */; };
		22E5C9E425796F1600B7C347 /* AddWordModule.swift in Sources */ = {isa = PBXBuildFile; fileRef = 22E5C9E325796F1600B7C347 /* AddWordModule.swift */; };
		22E5C9EA2579700500B7C347 /* AddWordDataModel.swift in Sources */ = {isa = PBXBuildFile; fileRef = 22E5C9E92579700500B7C347 /* AddWordDataModel.swift */; };
		22E90248257FBBEA00CF5846 /* SearchBar.swift in Sources */ = {isa = PBXBuildFile; fileRef = 22E90247257FBBEA00CF5846 /* SearchBar.swift */; };
		84BA379325716B5100C59D90 /* AppDelegate.swift in Sources */ = {isa = PBXBuildFile; fileRef = 84BA379225716B5100C59D90 /* AppDelegate.swift */; };
		84BA379525716B5100C59D90 /* SceneDelegate.swift in Sources */ = {isa = PBXBuildFile; fileRef = 84BA379425716B5100C59D90 /* SceneDelegate.swift */; };
		84BA379725716B5100C59D90 /* ContentView.swift in Sources */ = {isa = PBXBuildFile; fileRef = 84BA379625716B5100C59D90 /* ContentView.swift */; };
		84BA379C25716B5600C59D90 /* Assets.xcassets in Resources */ = {isa = PBXBuildFile; fileRef = 84BA379B25716B5600C59D90 /* Assets.xcassets */; };
		84BA379F25716B5600C59D90 /* Preview Assets.xcassets in Resources */ = {isa = PBXBuildFile; fileRef = 84BA379E25716B5600C59D90 /* Preview Assets.xcassets */; };
		84BA37A225716B5700C59D90 /* LaunchScreen.storyboard in Resources */ = {isa = PBXBuildFile; fileRef = 84BA37A025716B5700C59D90 /* LaunchScreen.storyboard */; };
		84BA37AD25716B5700C59D90 /* MyDictionaryTests.swift in Sources */ = {isa = PBXBuildFile; fileRef = 84BA37AC25716B5700C59D90 /* MyDictionaryTests.swift */; };
		84BA37B825716B5800C59D90 /* MyDictionaryUITests.swift in Sources */ = {isa = PBXBuildFile; fileRef = 84BA37B725716B5800C59D90 /* MyDictionaryUITests.swift */; };
		84BA37E82571740F00C59D90 /* CoreDataStack.swift in Sources */ = {isa = PBXBuildFile; fileRef = 84BA37E72571740F00C59D90 /* CoreDataStack.swift */; };
		84BA37F32571769500C59D90 /* WordListView.swift in Sources */ = {isa = PBXBuildFile; fileRef = 84BA37F22571769500C59D90 /* WordListView.swift */; };
		84BA37FE257176E900C59D90 /* WordDetailView.swift in Sources */ = {isa = PBXBuildFile; fileRef = 84BA37FD257176E900C59D90 /* WordDetailView.swift */; };
		84BA3806257176F900C59D90 /* WordDetailDataModel.swift in Sources */ = {isa = PBXBuildFile; fileRef = 84BA3805257176F900C59D90 /* WordDetailDataModel.swift */; };
		84BA380B2571772C00C59D90 /* WordListDataModel.swift in Sources */ = {isa = PBXBuildFile; fileRef = 84BA380A2571772C00C59D90 /* WordListDataModel.swift */; };
		84BA382325717ED400C59D90 /* WordDetailInteractor.swift in Sources */ = {isa = PBXBuildFile; fileRef = 84BA382225717ED400C59D90 /* WordDetailInteractor.swift */; };
		84BA382B25717F1100C59D90 /* WordDetailRouter.swift in Sources */ = {isa = PBXBuildFile; fileRef = 84BA382A25717F1100C59D90 /* WordDetailRouter.swift */; };
		84BA383025717F5300C59D90 /* WordDetailPresenter.swift in Sources */ = {isa = PBXBuildFile; fileRef = 84BA382F25717F5300C59D90 /* WordDetailPresenter.swift */; };
		84BA38352571818400C59D90 /* WordDetailModule.swift in Sources */ = {isa = PBXBuildFile; fileRef = 84BA38342571818400C59D90 /* WordDetailModule.swift */; };
		84BA383C257183FD00C59D90 /* RootView.swift in Sources */ = {isa = PBXBuildFile; fileRef = 84BA383B257183FD00C59D90 /* RootView.swift */; };
		84BA3841257184D600C59D90 /* WordListPresenter.swift in Sources */ = {isa = PBXBuildFile; fileRef = 84BA3840257184D600C59D90 /* WordListPresenter.swift */; };
		84BA38462571850600C59D90 /* WordListInteractor.swift in Sources */ = {isa = PBXBuildFile; fileRef = 84BA38452571850600C59D90 /* WordListInteractor.swift */; };
		84BA384B2571852900C59D90 /* WordListRouter.swift in Sources */ = {isa = PBXBuildFile; fileRef = 84BA384A2571852900C59D90 /* WordListRouter.swift */; };
		84BA3850257185D200C59D90 /* WordListModule.swift in Sources */ = {isa = PBXBuildFile; fileRef = 84BA384F257185D200C59D90 /* WordListModule.swift */; };
		84BA3856257188B300C59D90 /* WordModel.swift in Sources */ = {isa = PBXBuildFile; fileRef = 84BA3855257188B300C59D90 /* WordModel.swift */; };
		84BA3860257192A200C59D90 /* WordListCell.swift in Sources */ = {isa = PBXBuildFile; fileRef = 84BA385F257192A200C59D90 /* WordListCell.swift */; };
/* End PBXBuildFile section */

/* Begin PBXContainerItemProxy section */
		84BA37A925716B5700C59D90 /* PBXContainerItemProxy */ = {
			isa = PBXContainerItemProxy;
			containerPortal = 84BA378725716B5100C59D90 /* Project object */;
			proxyType = 1;
			remoteGlobalIDString = 84BA378E25716B5100C59D90;
			remoteInfo = MyDictionary;
		};
		84BA37B425716B5800C59D90 /* PBXContainerItemProxy */ = {
			isa = PBXContainerItemProxy;
			containerPortal = 84BA378725716B5100C59D90 /* Project object */;
			proxyType = 1;
			remoteGlobalIDString = 84BA378E25716B5100C59D90;
			remoteInfo = MyDictionary;
		};
/* End PBXContainerItemProxy section */

/* Begin PBXFileReference section */
		2214C2FF2579324D0019701C /* String+Extension.swift */ = {isa = PBXFileReference; lastKnownFileType = sourcecode.swift; path = "String+Extension.swift"; sourceTree = "<group>"; };
		2214C306257932E60019701C /* AppLanguageType.swift */ = {isa = PBXFileReference; lastKnownFileType = sourcecode.swift; path = AppLanguageType.swift; sourceTree = "<group>"; };
		2214C30D2579334A0019701C /* LocalizableProtocol.swift */ = {isa = PBXFileReference; lastKnownFileType = sourcecode.swift; path = LocalizableProtocol.swift; sourceTree = "<group>"; };
		2214C316257934590019701C /* Constants.swift */ = {isa = PBXFileReference; lastKnownFileType = sourcecode.swift; path = Constants.swift; sourceTree = "<group>"; };
		2214C31C257934D60019701C /* KeysForTranslate.swift */ = {isa = PBXFileReference; lastKnownFileType = sourcecode.swift; path = KeysForTranslate.swift; sourceTree = "<group>"; };
		2214C323257935730019701C /* AppLanguageService.swift */ = {isa = PBXFileReference; lastKnownFileType = sourcecode.swift; path = AppLanguageService.swift; sourceTree = "<group>"; };
		2214C32F257939320019701C /* en */ = {isa = PBXFileReference; lastKnownFileType = text.plist.strings; name = en; path = en.lproj/Localizable.strings; sourceTree = "<group>"; };
		22400A6F257A701B00699223 /* WordNSNotificationName.swift */ = {isa = PBXFileReference; lastKnownFileType = sourcecode.swift; path = WordNSNotificationName.swift; sourceTree = "<group>"; };
		22400A79257A86AB00699223 /* TestCoreDataStack.swift */ = {isa = PBXFileReference; lastKnownFileType = sourcecode.swift; path = TestCoreDataStack.swift; sourceTree = "<group>"; };
		22455907259C99F000B00BD3 /* EnvironmentProtocol.swift */ = {isa = PBXFileReference; lastKnownFileType = sourcecode.swift; path = EnvironmentProtocol.swift; sourceTree = "<group>"; };
		2245590C259C9A5B00B00BD3 /* APIEnvironment.swift */ = {isa = PBXFileReference; lastKnownFileType = sourcecode.swift; path = APIEnvironment.swift; sourceTree = "<group>"; };
		22455911259CA2DD00B00BD3 /* RequestType.swift */ = {isa = PBXFileReference; lastKnownFileType = sourcecode.swift; path = RequestType.swift; sourceTree = "<group>"; };
		22455916259CA31300B00BD3 /* ResponseType.swift */ = {isa = PBXFileReference; lastKnownFileType = sourcecode.swift; path = ResponseType.swift; sourceTree = "<group>"; };
		2245591B259CA39100B00BD3 /* NetworkSessionProtocol.swift */ = {isa = PBXFileReference; lastKnownFileType = sourcecode.swift; path = NetworkSessionProtocol.swift; sourceTree = "<group>"; };
		22455920259CA42200B00BD3 /* APINetworkSessionService.swift */ = {isa = PBXFileReference; lastKnownFileType = sourcecode.swift; path = APINetworkSessionService.swift; sourceTree = "<group>"; };
		22455925259CA76000B00BD3 /* OperationProtocol.swift */ = {isa = PBXFileReference; lastKnownFileType = sourcecode.swift; path = OperationProtocol.swift; sourceTree = "<group>"; };
		2245592A259CA7A500B00BD3 /* RequestDispatcherProtocol.swift */ = {isa = PBXFileReference; lastKnownFileType = sourcecode.swift; path = RequestDispatcherProtocol.swift; sourceTree = "<group>"; };
		2245592F259CA7F100B00BD3 /* ResponseOperationResult.swift */ = {isa = PBXFileReference; lastKnownFileType = sourcecode.swift; path = ResponseOperationResult.swift; sourceTree = "<group>"; };
		22455935259CA88E00B00BD3 /* APIOperation.swift */ = {isa = PBXFileReference; lastKnownFileType = sourcecode.swift; path = APIOperation.swift; sourceTree = "<group>"; };
		2245593A259CAC9F00B00BD3 /* APIError.swift */ = {isa = PBXFileReference; lastKnownFileType = sourcecode.swift; path = APIError.swift; sourceTree = "<group>"; };
		2245593F259CACE600B00BD3 /* APIRequestDispatcherService.swift */ = {isa = PBXFileReference; lastKnownFileType = sourcecode.swift; path = APIRequestDispatcherService.swift; sourceTree = "<group>"; };
		22478AA125A348E900F8FBFC /* WordEndpoint.swift */ = {isa = PBXFileReference; lastKnownFileType = sourcecode.swift; path = WordEndpoint.swift; sourceTree = "<group>"; };
		224826EA257D068000B56D57 /* CustomCoreDataError.swift */ = {isa = PBXFileReference; lastKnownFileType = sourcecode.swift; path = CustomCoreDataError.swift; sourceTree = "<group>"; };
		224826F2257D06B700B56D57 /* ResultSavedWord.swift */ = {isa = PBXFileReference; lastKnownFileType = sourcecode.swift; path = ResultSavedWord.swift; sourceTree = "<group>"; };
		224826FD257D06DB00B56D57 /* ResultSaved.swift */ = {isa = PBXFileReference; lastKnownFileType = sourcecode.swift; path = ResultSaved.swift; sourceTree = "<group>"; };
		22482702257D06EC00B56D57 /* FetchResultWords.swift */ = {isa = PBXFileReference; lastKnownFileType = sourcecode.swift; path = FetchResultWords.swift; sourceTree = "<group>"; };
		22482707257D070A00B56D57 /* ResultWithoutSuccessGeneric.swift */ = {isa = PBXFileReference; lastKnownFileType = sourcecode.swift; path = ResultWithoutSuccessGeneric.swift; sourceTree = "<group>"; };
		2248270C257D078800B56D57 /* WordCoreDataServiceTests.swift */ = {isa = PBXFileReference; lastKnownFileType = sourcecode.swift; path = WordCoreDataServiceTests.swift; sourceTree = "<group>"; };
		22482714257D1FD600B56D57 /* ResultDeletedWord.swift */ = {isa = PBXFileReference; lastKnownFileType = sourcecode.swift; path = ResultDeletedWord.swift; sourceTree = "<group>"; };
		2248641225A5E9D800F8ADE8 /* DeleteWordModel.swift */ = {isa = PBXFileReference; lastKnownFileType = sourcecode.swift; path = DeleteWordModel.swift; sourceTree = "<group>"; };
		2248641725A5F66500F8ADE8 /* UpdateWordModel.swift */ = {isa = PBXFileReference; lastKnownFileType = sourcecode.swift; path = UpdateWordModel.swift; sourceTree = "<group>"; };
		2287C6BA2583A77E00E14F34 /* FetchResultWordsCount.swift */ = {isa = PBXFileReference; lastKnownFileType = sourcecode.swift; path = FetchResultWordsCount.swift; sourceTree = "<group>"; };
		2289C7FF259B930B00DB941E /* HTTPHeader.swift */ = {isa = PBXFileReference; lastKnownFileType = sourcecode.swift; path = HTTPHeader.swift; sourceTree = "<group>"; };
		2289C805259B938A00DB941E /* HTTPMethod.swift */ = {isa = PBXFileReference; lastKnownFileType = sourcecode.swift; path = HTTPMethod.swift; sourceTree = "<group>"; };
		2289C80B259B9C2000DB941E /* ConcurrentOperation.swift */ = {isa = PBXFileReference; lastKnownFileType = sourcecode.swift; path = ConcurrentOperation.swift; sourceTree = "<group>"; };
		2289C813259BA5C600DB941E /* OperationResult.swift */ = {isa = PBXFileReference; lastKnownFileType = sourcecode.swift; path = OperationResult.swift; sourceTree = "<group>"; };
		2289C819259BA60700DB941E /* OperationState.swift */ = {isa = PBXFileReference; lastKnownFileType = sourcecode.swift; path = OperationState.swift; sourceTree = "<group>"; };
		2289C81F259BBDCC00DB941E /* HTTPParameters.swift */ = {isa = PBXFileReference; lastKnownFileType = sourcecode.swift; path = HTTPParameters.swift; sourceTree = "<group>"; };
		2289C826259BBE8200DB941E /* Endpoint.swift */ = {isa = PBXFileReference; lastKnownFileType = sourcecode.swift; path = Endpoint.swift; sourceTree = "<group>"; };
		228D4B5225810C8800E8F27E /* WordValidationError.swift */ = {isa = PBXFileReference; lastKnownFileType = sourcecode.swift; path = WordValidationError.swift; sourceTree = "<group>"; };
		228D4B5825810FB900E8F27E /* WordValidationService.swift */ = {isa = PBXFileReference; lastKnownFileType = sourcecode.swift; path = WordValidationService.swift; sourceTree = "<group>"; };
		229A01C0257A60FA006CF2DC /* Word+CoreDataProperties.swift */ = {isa = PBXFileReference; fileEncoding = 4; lastKnownFileType = sourcecode.swift; path = "Word+CoreDataProperties.swift"; sourceTree = "<group>"; };
		229A01C1257A60FA006CF2DC /* Word+CoreDataClass.swift */ = {isa = PBXFileReference; fileEncoding = 4; lastKnownFileType = sourcecode.swift; path = "Word+CoreDataClass.swift"; sourceTree = "<group>"; };
		229A01E4257A645C006CF2DC /* MyDictionary.xcdatamodel */ = {isa = PBXFileReference; lastKnownFileType = wrapper.xcdatamodel; path = MyDictionary.xcdatamodel; sourceTree = "<group>"; };
		229C6C29258007950034DCD4 /* AppStyling.swift */ = {isa = PBXFileReference; lastKnownFileType = sourcecode.swift; path = AppStyling.swift; sourceTree = "<group>"; };
		229F220625A4A11C000FEFD2 /* Encodable+Extension.swift */ = {isa = PBXFileReference; lastKnownFileType = sourcecode.swift; path = "Encodable+Extension.swift"; sourceTree = "<group>"; };
		22AD16AA25A89611001E2568 /* APIWordService.swift */ = {isa = PBXFileReference; lastKnownFileType = sourcecode.swift; path = APIWordService.swift; sourceTree = "<group>"; };
		22C3F5D5257A5DEC00449FBC /* CoreDataEntityName.swift */ = {isa = PBXFileReference; lastKnownFileType = sourcecode.swift; path = CoreDataEntityName.swift; sourceTree = "<group>"; };
		22E5C97C25795D2E00B7C347 /* AddWordProtocol.swift */ = {isa = PBXFileReference; lastKnownFileType = sourcecode.swift; path = AddWordProtocol.swift; sourceTree = "<group>"; };
		22E5C98C2579638A00B7C347 /* UpdateWordProtocol.swift */ = {isa = PBXFileReference; lastKnownFileType = sourcecode.swift; path = UpdateWordProtocol.swift; sourceTree = "<group>"; };
		22E5C992257963D700B7C347 /* FetchWordProtocol.swift */ = {isa = PBXFileReference; lastKnownFileType = sourcecode.swift; path = FetchWordProtocol.swift; sourceTree = "<group>"; };
		22E5C9982579644100B7C347 /* DeleteWordProtocol.swift */ = {isa = PBXFileReference; lastKnownFileType = sourcecode.swift; path = DeleteWordProtocol.swift; sourceTree = "<group>"; };
		22E5C99E257965C400B7C347 /* CRUDWord.swift */ = {isa = PBXFileReference; lastKnownFileType = sourcecode.swift; path = CRUDWord.swift; sourceTree = "<group>"; };
		22E5C9AE257967D500B7C347 /* WordCoreDataService.swift */ = {isa = PBXFileReference; lastKnownFileType = sourcecode.swift; path = WordCoreDataService.swift; sourceTree = "<group>"; };
		22E5C9B4257968CA00B7C347 /* WordSyncService.swift */ = {isa = PBXFileReference; lastKnownFileType = sourcecode.swift; path = WordSyncService.swift; sourceTree = "<group>"; };
		22E5C9C425796AD900B7C347 /* WordManager.swift */ = {isa = PBXFileReference; lastKnownFileType = sourcecode.swift; path = WordManager.swift; sourceTree = "<group>"; };
		22E5C9CB25796E3000B7C347 /* AddWordView.swift */ = {isa = PBXFileReference; lastKnownFileType = sourcecode.swift; path = AddWordView.swift; sourceTree = "<group>"; };
		22E5C9D125796E7300B7C347 /* AddWordPresenter.swift */ = {isa = PBXFileReference; lastKnownFileType = sourcecode.swift; path = AddWordPresenter.swift; sourceTree = "<group>"; };
		22E5C9D725796EE000B7C347 /* AddWordInteractor.swift */ = {isa = PBXFileReference; lastKnownFileType = sourcecode.swift; path = AddWordInteractor.swift; sourceTree = "<group>"; };
		22E5C9DD25796EF100B7C347 /* AddWordRouter.swift */ = {isa = PBXFileReference; lastKnownFileType = sourcecode.swift; path = AddWordRouter.swift; sourceTree = "<group>"; };
		22E5C9E325796F1600B7C347 /* AddWordModule.swift */ = {isa = PBXFileReference; lastKnownFileType = sourcecode.swift; path = AddWordModule.swift; sourceTree = "<group>"; };
		22E5C9E92579700500B7C347 /* AddWordDataModel.swift */ = {isa = PBXFileReference; lastKnownFileType = sourcecode.swift; path = AddWordDataModel.swift; sourceTree = "<group>"; };
		22E90247257FBBEA00CF5846 /* SearchBar.swift */ = {isa = PBXFileReference; lastKnownFileType = sourcecode.swift; path = SearchBar.swift; sourceTree = "<group>"; };
		84BA378F25716B5100C59D90 /* MyDictionary.app */ = {isa = PBXFileReference; explicitFileType = wrapper.application; includeInIndex = 0; path = MyDictionary.app; sourceTree = BUILT_PRODUCTS_DIR; };
		84BA379225716B5100C59D90 /* AppDelegate.swift */ = {isa = PBXFileReference; lastKnownFileType = sourcecode.swift; path = AppDelegate.swift; sourceTree = "<group>"; };
		84BA379425716B5100C59D90 /* SceneDelegate.swift */ = {isa = PBXFileReference; lastKnownFileType = sourcecode.swift; path = SceneDelegate.swift; sourceTree = "<group>"; };
		84BA379625716B5100C59D90 /* ContentView.swift */ = {isa = PBXFileReference; lastKnownFileType = sourcecode.swift; path = ContentView.swift; sourceTree = "<group>"; };
		84BA379B25716B5600C59D90 /* Assets.xcassets */ = {isa = PBXFileReference; lastKnownFileType = folder.assetcatalog; path = Assets.xcassets; sourceTree = "<group>"; };
		84BA379E25716B5600C59D90 /* Preview Assets.xcassets */ = {isa = PBXFileReference; lastKnownFileType = folder.assetcatalog; path = "Preview Assets.xcassets"; sourceTree = "<group>"; };
		84BA37A125716B5700C59D90 /* Base */ = {isa = PBXFileReference; lastKnownFileType = file.storyboard; name = Base; path = Base.lproj/LaunchScreen.storyboard; sourceTree = "<group>"; };
		84BA37A325716B5700C59D90 /* Info.plist */ = {isa = PBXFileReference; lastKnownFileType = text.plist.xml; path = Info.plist; sourceTree = "<group>"; };
		84BA37A825716B5700C59D90 /* MyDictionaryTests.xctest */ = {isa = PBXFileReference; explicitFileType = wrapper.cfbundle; includeInIndex = 0; path = MyDictionaryTests.xctest; sourceTree = BUILT_PRODUCTS_DIR; };
		84BA37AC25716B5700C59D90 /* MyDictionaryTests.swift */ = {isa = PBXFileReference; lastKnownFileType = sourcecode.swift; path = MyDictionaryTests.swift; sourceTree = "<group>"; };
		84BA37AE25716B5700C59D90 /* Info.plist */ = {isa = PBXFileReference; lastKnownFileType = text.plist.xml; path = Info.plist; sourceTree = "<group>"; };
		84BA37B325716B5800C59D90 /* MyDictionaryUITests.xctest */ = {isa = PBXFileReference; explicitFileType = wrapper.cfbundle; includeInIndex = 0; path = MyDictionaryUITests.xctest; sourceTree = BUILT_PRODUCTS_DIR; };
		84BA37B725716B5800C59D90 /* MyDictionaryUITests.swift */ = {isa = PBXFileReference; lastKnownFileType = sourcecode.swift; path = MyDictionaryUITests.swift; sourceTree = "<group>"; };
		84BA37B925716B5800C59D90 /* Info.plist */ = {isa = PBXFileReference; lastKnownFileType = text.plist.xml; path = Info.plist; sourceTree = "<group>"; };
		84BA37E72571740F00C59D90 /* CoreDataStack.swift */ = {isa = PBXFileReference; lastKnownFileType = sourcecode.swift; path = CoreDataStack.swift; sourceTree = "<group>"; };
		84BA37F22571769500C59D90 /* WordListView.swift */ = {isa = PBXFileReference; lastKnownFileType = sourcecode.swift; path = WordListView.swift; sourceTree = "<group>"; };
		84BA37FD257176E900C59D90 /* WordDetailView.swift */ = {isa = PBXFileReference; lastKnownFileType = sourcecode.swift; path = WordDetailView.swift; sourceTree = "<group>"; };
		84BA3805257176F900C59D90 /* WordDetailDataModel.swift */ = {isa = PBXFileReference; lastKnownFileType = sourcecode.swift; path = WordDetailDataModel.swift; sourceTree = "<group>"; };
		84BA380A2571772C00C59D90 /* WordListDataModel.swift */ = {isa = PBXFileReference; lastKnownFileType = sourcecode.swift; path = WordListDataModel.swift; sourceTree = "<group>"; };
		84BA382225717ED400C59D90 /* WordDetailInteractor.swift */ = {isa = PBXFileReference; lastKnownFileType = sourcecode.swift; path = WordDetailInteractor.swift; sourceTree = "<group>"; };
		84BA382A25717F1100C59D90 /* WordDetailRouter.swift */ = {isa = PBXFileReference; lastKnownFileType = sourcecode.swift; path = WordDetailRouter.swift; sourceTree = "<group>"; };
		84BA382F25717F5300C59D90 /* WordDetailPresenter.swift */ = {isa = PBXFileReference; lastKnownFileType = sourcecode.swift; path = WordDetailPresenter.swift; sourceTree = "<group>"; };
		84BA38342571818400C59D90 /* WordDetailModule.swift */ = {isa = PBXFileReference; lastKnownFileType = sourcecode.swift; path = WordDetailModule.swift; sourceTree = "<group>"; };
		84BA383B257183FD00C59D90 /* RootView.swift */ = {isa = PBXFileReference; lastKnownFileType = sourcecode.swift; path = RootView.swift; sourceTree = "<group>"; };
		84BA3840257184D600C59D90 /* WordListPresenter.swift */ = {isa = PBXFileReference; lastKnownFileType = sourcecode.swift; path = WordListPresenter.swift; sourceTree = "<group>"; };
		84BA38452571850600C59D90 /* WordListInteractor.swift */ = {isa = PBXFileReference; lastKnownFileType = sourcecode.swift; path = WordListInteractor.swift; sourceTree = "<group>"; };
		84BA384A2571852900C59D90 /* WordListRouter.swift */ = {isa = PBXFileReference; lastKnownFileType = sourcecode.swift; path = WordListRouter.swift; sourceTree = "<group>"; };
		84BA384F257185D200C59D90 /* WordListModule.swift */ = {isa = PBXFileReference; lastKnownFileType = sourcecode.swift; path = WordListModule.swift; sourceTree = "<group>"; };
		84BA3855257188B300C59D90 /* WordModel.swift */ = {isa = PBXFileReference; lastKnownFileType = sourcecode.swift; path = WordModel.swift; sourceTree = "<group>"; };
		84BA385F257192A200C59D90 /* WordListCell.swift */ = {isa = PBXFileReference; lastKnownFileType = sourcecode.swift; path = WordListCell.swift; sourceTree = "<group>"; };
/* End PBXFileReference section */

/* Begin PBXFrameworksBuildPhase section */
		84BA378C25716B5100C59D90 /* Frameworks */ = {
			isa = PBXFrameworksBuildPhase;
			buildActionMask = 2147483647;
			files = (
			);
			runOnlyForDeploymentPostprocessing = 0;
		};
		84BA37A525716B5700C59D90 /* Frameworks */ = {
			isa = PBXFrameworksBuildPhase;
			buildActionMask = 2147483647;
			files = (
			);
			runOnlyForDeploymentPostprocessing = 0;
		};
		84BA37B025716B5800C59D90 /* Frameworks */ = {
			isa = PBXFrameworksBuildPhase;
			buildActionMask = 2147483647;
			files = (
			);
			runOnlyForDeploymentPostprocessing = 0;
		};
/* End PBXFrameworksBuildPhase section */

/* Begin PBXGroup section */
		2214C2FE2579322C0019701C /* Extensions */ = {
			isa = PBXGroup;
			children = (
				2214C2FF2579324D0019701C /* String+Extension.swift */,
				229F220625A4A11C000FEFD2 /* Encodable+Extension.swift */,
			);
			path = Extensions;
			sourceTree = "<group>";
		};
		2214C304257932D60019701C /* Enums */ = {
			isa = PBXGroup;
			children = (
				2289C818259BA60300DB941E /* OperationState */,
				2214C305257932DA0019701C /* AppLanguageType */,
				2245590C259C9A5B00B00BD3 /* APIEnvironment.swift */,
				22455911259CA2DD00B00BD3 /* RequestType.swift */,
				22455916259CA31300B00BD3 /* ResponseType.swift */,
				2245592F259CA7F100B00BD3 /* ResponseOperationResult.swift */,
				2245593A259CAC9F00B00BD3 /* APIError.swift */,
			);
			path = Enums;
			sourceTree = "<group>";
		};
		2214C305257932DA0019701C /* AppLanguageType */ = {
			isa = PBXGroup;
			children = (
				2214C306257932E60019701C /* AppLanguageType.swift */,
			);
			path = AppLanguageType;
			sourceTree = "<group>";
		};
		2214C30B2579333A0019701C /* Protocols */ = {
			isa = PBXGroup;
			children = (
				22E5C98125795D3300B7C347 /* WordProtocols */,
				2214C30C2579333D0019701C /* LocalizableProtocol */,
				22455907259C99F000B00BD3 /* EnvironmentProtocol.swift */,
				2245591B259CA39100B00BD3 /* NetworkSessionProtocol.swift */,
				22455925259CA76000B00BD3 /* OperationProtocol.swift */,
				2245592A259CA7A500B00BD3 /* RequestDispatcherProtocol.swift */,
			);
			path = Protocols;
			sourceTree = "<group>";
		};
		2214C30C2579333D0019701C /* LocalizableProtocol */ = {
			isa = PBXGroup;
			children = (
				2214C30D2579334A0019701C /* LocalizableProtocol.swift */,
			);
			path = LocalizableProtocol;
			sourceTree = "<group>";
		};
		2214C315257934540019701C /* Constants */ = {
			isa = PBXGroup;
			children = (
				2214C316257934590019701C /* Constants.swift */,
			);
			path = Constants;
			sourceTree = "<group>";
		};
		2214C31B257934D20019701C /* KeysForTranslate */ = {
			isa = PBXGroup;
			children = (
				2214C31C257934D60019701C /* KeysForTranslate.swift */,
			);
			path = KeysForTranslate;
			sourceTree = "<group>";
		};
		2214C321257935660019701C /* Services */ = {
			isa = PBXGroup;
			children = (
				22AD16A925A89601001E2568 /* APIWordService */,
				2289C7FD259B925400DB941E /* Network */,
				228D4B5725810F8600E8F27E /* WordValidationService */,
				22E5C9B3257968C100B7C347 /* WordSyncService */,
				22E5C9AD257967A400B7C347 /* WordCoreDataService */,
				2214C3222579356D0019701C /* AppLanguageService */,
			);
			path = Services;
			sourceTree = "<group>";
		};
		2214C3222579356D0019701C /* AppLanguageService */ = {
			isa = PBXGroup;
			children = (
				2214C323257935730019701C /* AppLanguageService.swift */,
			);
			path = AppLanguageService;
			sourceTree = "<group>";
		};
		2214C3282579390D0019701C /* LocalizableStrings */ = {
			isa = PBXGroup;
			children = (
				2214C330257939320019701C /* Localizable.strings */,
			);
			path = LocalizableStrings;
			sourceTree = "<group>";
		};
		22400A6E257A701500699223 /* WordNSNotificationName */ = {
			isa = PBXGroup;
			children = (
				22400A6F257A701B00699223 /* WordNSNotificationName.swift */,
			);
			path = WordNSNotificationName;
			sourceTree = "<group>";
		};
		22455934259CA88700B00BD3 /* APIOperation */ = {
			isa = PBXGroup;
			children = (
				22455935259CA88E00B00BD3 /* APIOperation.swift */,
			);
			path = APIOperation;
			sourceTree = "<group>";
		};
		224826E8257D066B00B56D57 /* Results */ = {
			isa = PBXGroup;
			children = (
				224826F2257D06B700B56D57 /* ResultSavedWord.swift */,
				224826FD257D06DB00B56D57 /* ResultSaved.swift */,
				22482702257D06EC00B56D57 /* FetchResultWords.swift */,
				22482707257D070A00B56D57 /* ResultWithoutSuccessGeneric.swift */,
				22482714257D1FD600B56D57 /* ResultDeletedWord.swift */,
				2287C6BA2583A77E00E14F34 /* FetchResultWordsCount.swift */,
				2289C813259BA5C600DB941E /* OperationResult.swift */,
			);
			path = Results;
			sourceTree = "<group>";
		};
		224826E9257D067500B56D57 /* CustomCoreDataError */ = {
			isa = PBXGroup;
			children = (
				224826EA257D068000B56D57 /* CustomCoreDataError.swift */,
			);
			path = CustomCoreDataError;
			sourceTree = "<group>";
		};
		2289C7FD259B925400DB941E /* Network */ = {
			isa = PBXGroup;
			children = (
				2289C824259BBE2A00DB941E /* Endpoint */,
				22455920259CA42200B00BD3 /* APINetworkSessionService.swift */,
				2245593F259CACE600B00BD3 /* APIRequestDispatcherService.swift */,
			);
			path = Network;
			sourceTree = "<group>";
		};
		2289C7FE259B92F900DB941E /* HTTPHeader */ = {
			isa = PBXGroup;
			children = (
				2289C7FF259B930B00DB941E /* HTTPHeader.swift */,
			);
			path = HTTPHeader;
			sourceTree = "<group>";
		};
		2289C804259B934E00DB941E /* HTTPMethod */ = {
			isa = PBXGroup;
			children = (
				2289C805259B938A00DB941E /* HTTPMethod.swift */,
			);
			path = HTTPMethod;
			sourceTree = "<group>";
		};
		2289C80A259B9BC900DB941E /* ConcurrentOperation */ = {
			isa = PBXGroup;
			children = (
				2289C80B259B9C2000DB941E /* ConcurrentOperation.swift */,
			);
			path = ConcurrentOperation;
			sourceTree = "<group>";
		};
		2289C818259BA60300DB941E /* OperationState */ = {
			isa = PBXGroup;
			children = (
				2289C819259BA60700DB941E /* OperationState.swift */,
			);
			path = OperationState;
			sourceTree = "<group>";
		};
		2289C81E259BBCB700DB941E /* HTTPParameters */ = {
			isa = PBXGroup;
			children = (
				2289C81F259BBDCC00DB941E /* HTTPParameters.swift */,
			);
			path = HTTPParameters;
			sourceTree = "<group>";
		};
		2289C824259BBE2A00DB941E /* Endpoint */ = {
			isa = PBXGroup;
			children = (
				2289C81E259BBCB700DB941E /* HTTPParameters */,
				2289C804259B934E00DB941E /* HTTPMethod */,
				2289C7FE259B92F900DB941E /* HTTPHeader */,
				2289C826259BBE8200DB941E /* Endpoint.swift */,
			);
			path = Endpoint;
			sourceTree = "<group>";
		};
		228D4B5125810C6F00E8F27E /* WordValidationError */ = {
			isa = PBXGroup;
			children = (
				228D4B5225810C8800E8F27E /* WordValidationError.swift */,
			);
			path = WordValidationError;
			sourceTree = "<group>";
		};
		228D4B5725810F8600E8F27E /* WordValidationService */ = {
			isa = PBXGroup;
			children = (
				228D4B5825810FB900E8F27E /* WordValidationService.swift */,
			);
			path = WordValidationService;
			sourceTree = "<group>";
		};
		229A01BF257A60FA006CF2DC /* Items */ = {
			isa = PBXGroup;
			children = (
				229A01C0257A60FA006CF2DC /* Word+CoreDataProperties.swift */,
				229A01C1257A60FA006CF2DC /* Word+CoreDataClass.swift */,
			);
			path = Items;
			sourceTree = "<group>";
		};
		229C6C282580077E0034DCD4 /* AppStyling */ = {
			isa = PBXGroup;
			children = (
				229C6C29258007950034DCD4 /* AppStyling.swift */,
			);
			path = AppStyling;
			sourceTree = "<group>";
		};
		22AD16A925A89601001E2568 /* APIWordService */ = {
			isa = PBXGroup;
			children = (
				22AD16AA25A89611001E2568 /* APIWordService.swift */,
				22478AA125A348E900F8FBFC /* WordEndpoint.swift */,
			);
			path = APIWordService;
			sourceTree = "<group>";
		};
		22C3F5D4257A5DC900449FBC /* CoreDataEntityName */ = {
			isa = PBXGroup;
			children = (
				22C3F5D5257A5DEC00449FBC /* CoreDataEntityName.swift */,
			);
			path = CoreDataEntityName;
			sourceTree = "<group>";
		};
		22E5C98125795D3300B7C347 /* WordProtocols */ = {
			isa = PBXGroup;
			children = (
				22E5C99D257965B600B7C347 /* CRUDWord */,
			);
			path = WordProtocols;
			sourceTree = "<group>";
		};
		22E5C99D257965B600B7C347 /* CRUDWord */ = {
			isa = PBXGroup;
			children = (
				22E5C9982579644100B7C347 /* DeleteWordProtocol.swift */,
				22E5C992257963D700B7C347 /* FetchWordProtocol.swift */,
				22E5C98C2579638A00B7C347 /* UpdateWordProtocol.swift */,
				22E5C97C25795D2E00B7C347 /* AddWordProtocol.swift */,
				22E5C99E257965C400B7C347 /* CRUDWord.swift */,
			);
			path = CRUDWord;
			sourceTree = "<group>";
		};
		22E5C9A92579675500B7C347 /* Modules */ = {
			isa = PBXGroup;
			children = (
				22E5C9C925796E0000B7C347 /* AddWord */,
				84BA37FA257176A900C59D90 /* WordDetail */,
				84BA37EF2571758F00C59D90 /* WordList */,
			);
			path = Modules;
			sourceTree = "<group>";
		};
		22E5C9AD257967A400B7C347 /* WordCoreDataService */ = {
			isa = PBXGroup;
			children = (
				22E5C9AE257967D500B7C347 /* WordCoreDataService.swift */,
			);
			path = WordCoreDataService;
			sourceTree = "<group>";
		};
		22E5C9B3257968C100B7C347 /* WordSyncService */ = {
			isa = PBXGroup;
			children = (
				22E5C9B4257968CA00B7C347 /* WordSyncService.swift */,
			);
			path = WordSyncService;
			sourceTree = "<group>";
		};
		22E5C9B9257969B100B7C347 /* Managers */ = {
			isa = PBXGroup;
			children = (
				22E5C9C325796AC500B7C347 /* WordManager */,
			);
			path = Managers;
			sourceTree = "<group>";
		};
		22E5C9C325796AC500B7C347 /* WordManager */ = {
			isa = PBXGroup;
			children = (
				22E5C9C425796AD900B7C347 /* WordManager.swift */,
			);
			path = WordManager;
			sourceTree = "<group>";
		};
		22E5C9C925796E0000B7C347 /* AddWord */ = {
			isa = PBXGroup;
			children = (
				22E5C9E225796F0A00B7C347 /* Module */,
				22E5C9DC25796EEA00B7C347 /* Router */,
				22E5C9D625796ED600B7C347 /* Interactor */,
				22E5C9D025796E4F00B7C347 /* Presenter */,
				22E5C9CA25796E1A00B7C347 /* View */,
				22E5C9E825796FFA00B7C347 /* AddWordDataModel */,
			);
			path = AddWord;
			sourceTree = "<group>";
		};
		22E5C9CA25796E1A00B7C347 /* View */ = {
			isa = PBXGroup;
			children = (
				22E5C9CB25796E3000B7C347 /* AddWordView.swift */,
			);
			path = View;
			sourceTree = "<group>";
		};
		22E5C9D025796E4F00B7C347 /* Presenter */ = {
			isa = PBXGroup;
			children = (
				22E5C9D125796E7300B7C347 /* AddWordPresenter.swift */,
			);
			path = Presenter;
			sourceTree = "<group>";
		};
		22E5C9D625796ED600B7C347 /* Interactor */ = {
			isa = PBXGroup;
			children = (
				22E5C9D725796EE000B7C347 /* AddWordInteractor.swift */,
			);
			path = Interactor;
			sourceTree = "<group>";
		};
		22E5C9DC25796EEA00B7C347 /* Router */ = {
			isa = PBXGroup;
			children = (
				22E5C9DD25796EF100B7C347 /* AddWordRouter.swift */,
			);
			path = Router;
			sourceTree = "<group>";
		};
		22E5C9E225796F0A00B7C347 /* Module */ = {
			isa = PBXGroup;
			children = (
				22E5C9E325796F1600B7C347 /* AddWordModule.swift */,
			);
			path = Module;
			sourceTree = "<group>";
		};
		22E5C9E825796FFA00B7C347 /* AddWordDataModel */ = {
			isa = PBXGroup;
			children = (
				22E5C9E92579700500B7C347 /* AddWordDataModel.swift */,
			);
			path = AddWordDataModel;
			sourceTree = "<group>";
		};
		22E90245257FBBD000CF5846 /* Views */ = {
			isa = PBXGroup;
			children = (
				22E90246257FBBDD00CF5846 /* SearchBar */,
			);
			path = Views;
			sourceTree = "<group>";
		};
		22E90246257FBBDD00CF5846 /* SearchBar */ = {
			isa = PBXGroup;
			children = (
				22E90247257FBBEA00CF5846 /* SearchBar.swift */,
			);
			path = SearchBar;
			sourceTree = "<group>";
		};
		84BA378625716B5100C59D90 = {
			isa = PBXGroup;
			children = (
				84BA379125716B5100C59D90 /* MyDictionary */,
				84BA37AB25716B5700C59D90 /* MyDictionaryTests */,
				84BA37B625716B5800C59D90 /* MyDictionaryUITests */,
				84BA379025716B5100C59D90 /* Products */,
			);
			sourceTree = "<group>";
		};
		84BA379025716B5100C59D90 /* Products */ = {
			isa = PBXGroup;
			children = (
				84BA378F25716B5100C59D90 /* MyDictionary.app */,
				84BA37A825716B5700C59D90 /* MyDictionaryTests.xctest */,
				84BA37B325716B5800C59D90 /* MyDictionaryUITests.xctest */,
			);
			name = Products;
			sourceTree = "<group>";
		};
		84BA379125716B5100C59D90 /* MyDictionary */ = {
			isa = PBXGroup;
			children = (
				22E90245257FBBD000CF5846 /* Views */,
				84BA37D525716FED00C59D90 /* CoreData */,
				2214C2FE2579322C0019701C /* Extensions */,
				22E5C9A92579675500B7C347 /* Modules */,
				84BA38542571888300C59D90 /* Models */,
				22E5C9B9257969B100B7C347 /* Managers */,
				2214C321257935660019701C /* Services */,
				84BA3839257183E700C59D90 /* Utilites */,
				84BA37D125716FE400C59D90 /* Resources */,
				84BA379D25716B5600C59D90 /* Preview Content */,
			);
			path = MyDictionary;
			sourceTree = "<group>";
		};
		84BA379D25716B5600C59D90 /* Preview Content */ = {
			isa = PBXGroup;
			children = (
				84BA379E25716B5600C59D90 /* Preview Assets.xcassets */,
			);
			path = "Preview Content";
			sourceTree = "<group>";
		};
		84BA37AB25716B5700C59D90 /* MyDictionaryTests */ = {
			isa = PBXGroup;
			children = (
				22400A79257A86AB00699223 /* TestCoreDataStack.swift */,
				2248270C257D078800B56D57 /* WordCoreDataServiceTests.swift */,
				84BA37AC25716B5700C59D90 /* MyDictionaryTests.swift */,
				84BA37AE25716B5700C59D90 /* Info.plist */,
			);
			path = MyDictionaryTests;
			sourceTree = "<group>";
		};
		84BA37B625716B5800C59D90 /* MyDictionaryUITests */ = {
			isa = PBXGroup;
			children = (
				84BA37B725716B5800C59D90 /* MyDictionaryUITests.swift */,
				84BA37B925716B5800C59D90 /* Info.plist */,
			);
			path = MyDictionaryUITests;
			sourceTree = "<group>";
		};
		84BA37D125716FE400C59D90 /* Resources */ = {
			isa = PBXGroup;
			children = (
				84BA37DF2571705500C59D90 /* LaunchScreen */,
				84BA37DE2571704B00C59D90 /* Assets */,
				84BA37DD2571703F00C59D90 /* ContentView */,
				84BA37DC2571702800C59D90 /* InfoPlist */,
				84BA37DB2571702200C59D90 /* SceneDelegate */,
				84BA37D72571700100C59D90 /* AppDelegate */,
			);
			path = Resources;
			sourceTree = "<group>";
		};
		84BA37D525716FED00C59D90 /* CoreData */ = {
			isa = PBXGroup;
			children = (
				84BA37E62571740100C59D90 /* CoreDataStack */,
				84BA37D625716FF500C59D90 /* Model */,
				229A01BF257A60FA006CF2DC /* Items */,
			);
			path = CoreData;
			sourceTree = "<group>";
		};
		84BA37D625716FF500C59D90 /* Model */ = {
			isa = PBXGroup;
			children = (
				229A01E3257A645C006CF2DC /* MyDictionary.xcdatamodeld */,
			);
			path = Model;
			sourceTree = "<group>";
		};
		84BA37D72571700100C59D90 /* AppDelegate */ = {
			isa = PBXGroup;
			children = (
				84BA379225716B5100C59D90 /* AppDelegate.swift */,
			);
			path = AppDelegate;
			sourceTree = "<group>";
		};
		84BA37DB2571702200C59D90 /* SceneDelegate */ = {
			isa = PBXGroup;
			children = (
				84BA379425716B5100C59D90 /* SceneDelegate.swift */,
			);
			path = SceneDelegate;
			sourceTree = "<group>";
		};
		84BA37DC2571702800C59D90 /* InfoPlist */ = {
			isa = PBXGroup;
			children = (
				84BA37A325716B5700C59D90 /* Info.plist */,
			);
			path = InfoPlist;
			sourceTree = "<group>";
		};
		84BA37DD2571703F00C59D90 /* ContentView */ = {
			isa = PBXGroup;
			children = (
				84BA379625716B5100C59D90 /* ContentView.swift */,
			);
			path = ContentView;
			sourceTree = "<group>";
		};
		84BA37DE2571704B00C59D90 /* Assets */ = {
			isa = PBXGroup;
			children = (
				84BA379B25716B5600C59D90 /* Assets.xcassets */,
			);
			path = Assets;
			sourceTree = "<group>";
		};
		84BA37DF2571705500C59D90 /* LaunchScreen */ = {
			isa = PBXGroup;
			children = (
				84BA37A025716B5700C59D90 /* LaunchScreen.storyboard */,
			);
			path = LaunchScreen;
			sourceTree = "<group>";
		};
		84BA37E62571740100C59D90 /* CoreDataStack */ = {
			isa = PBXGroup;
			children = (
				84BA37E72571740F00C59D90 /* CoreDataStack.swift */,
			);
			path = CoreDataStack;
			sourceTree = "<group>";
		};
		84BA37EF2571758F00C59D90 /* WordList */ = {
			isa = PBXGroup;
			children = (
				84BA385D2571928900C59D90 /* Cells */,
				84BA381E25717E7C00C59D90 /* Module */,
				84BA381F25717E8100C59D90 /* Router */,
				84BA382025717E8A00C59D90 /* Interactor */,
				84BA382125717E9100C59D90 /* Presenter */,
				84BA37F02571763700C59D90 /* View */,
				84BA37F12571764900C59D90 /* DataModel */,
			);
			path = WordList;
			sourceTree = "<group>";
		};
		84BA37F02571763700C59D90 /* View */ = {
			isa = PBXGroup;
			children = (
				84BA37F22571769500C59D90 /* WordListView.swift */,
			);
			path = View;
			sourceTree = "<group>";
		};
		84BA37F12571764900C59D90 /* DataModel */ = {
			isa = PBXGroup;
			children = (
				84BA380A2571772C00C59D90 /* WordListDataModel.swift */,
			);
			path = DataModel;
			sourceTree = "<group>";
		};
		84BA37FA257176A900C59D90 /* WordDetail */ = {
			isa = PBXGroup;
			children = (
				84BA381025717C2800C59D90 /* Module */,
				84BA381125717C3900C59D90 /* Router */,
				84BA381325717C4F00C59D90 /* Interactor */,
				84BA381425717C5F00C59D90 /* Presenter */,
				84BA381225717C3D00C59D90 /* View */,
				84BA37FB257176C200C59D90 /* DataModel */,
			);
			path = WordDetail;
			sourceTree = "<group>";
		};
		84BA37FB257176C200C59D90 /* DataModel */ = {
			isa = PBXGroup;
			children = (
				84BA3805257176F900C59D90 /* WordDetailDataModel.swift */,
			);
			path = DataModel;
			sourceTree = "<group>";
		};
		84BA381025717C2800C59D90 /* Module */ = {
			isa = PBXGroup;
			children = (
				84BA38342571818400C59D90 /* WordDetailModule.swift */,
			);
			path = Module;
			sourceTree = "<group>";
		};
		84BA381125717C3900C59D90 /* Router */ = {
			isa = PBXGroup;
			children = (
				84BA382A25717F1100C59D90 /* WordDetailRouter.swift */,
			);
			path = Router;
			sourceTree = "<group>";
		};
		84BA381225717C3D00C59D90 /* View */ = {
			isa = PBXGroup;
			children = (
				84BA37FD257176E900C59D90 /* WordDetailView.swift */,
			);
			path = View;
			sourceTree = "<group>";
		};
		84BA381325717C4F00C59D90 /* Interactor */ = {
			isa = PBXGroup;
			children = (
				84BA382225717ED400C59D90 /* WordDetailInteractor.swift */,
			);
			path = Interactor;
			sourceTree = "<group>";
		};
		84BA381425717C5F00C59D90 /* Presenter */ = {
			isa = PBXGroup;
			children = (
				84BA382F25717F5300C59D90 /* WordDetailPresenter.swift */,
			);
			path = Presenter;
			sourceTree = "<group>";
		};
		84BA381E25717E7C00C59D90 /* Module */ = {
			isa = PBXGroup;
			children = (
				84BA384F257185D200C59D90 /* WordListModule.swift */,
			);
			path = Module;
			sourceTree = "<group>";
		};
		84BA381F25717E8100C59D90 /* Router */ = {
			isa = PBXGroup;
			children = (
				84BA384A2571852900C59D90 /* WordListRouter.swift */,
			);
			path = Router;
			sourceTree = "<group>";
		};
		84BA382025717E8A00C59D90 /* Interactor */ = {
			isa = PBXGroup;
			children = (
				84BA38452571850600C59D90 /* WordListInteractor.swift */,
			);
			path = Interactor;
			sourceTree = "<group>";
		};
		84BA382125717E9100C59D90 /* Presenter */ = {
			isa = PBXGroup;
			children = (
				84BA3840257184D600C59D90 /* WordListPresenter.swift */,
			);
			path = Presenter;
			sourceTree = "<group>";
		};
		84BA3839257183E700C59D90 /* Utilites */ = {
			isa = PBXGroup;
			children = (
				22455934259CA88700B00BD3 /* APIOperation */,
				2289C80A259B9BC900DB941E /* ConcurrentOperation */,
				228D4B5125810C6F00E8F27E /* WordValidationError */,
				229C6C282580077E0034DCD4 /* AppStyling */,
				224826E9257D067500B56D57 /* CustomCoreDataError */,
				224826E8257D066B00B56D57 /* Results */,
				22400A6E257A701500699223 /* WordNSNotificationName */,
				22C3F5D4257A5DC900449FBC /* CoreDataEntityName */,
				2214C3282579390D0019701C /* LocalizableStrings */,
				2214C31B257934D20019701C /* KeysForTranslate */,
				2214C315257934540019701C /* Constants */,
				2214C30B2579333A0019701C /* Protocols */,
				2214C304257932D60019701C /* Enums */,
				84BA383A257183ED00C59D90 /* RootView */,
			);
			path = Utilites;
			sourceTree = "<group>";
		};
		84BA383A257183ED00C59D90 /* RootView */ = {
			isa = PBXGroup;
			children = (
				84BA383B257183FD00C59D90 /* RootView.swift */,
			);
			path = RootView;
			sourceTree = "<group>";
		};
		84BA38542571888300C59D90 /* Models */ = {
			isa = PBXGroup;
			children = (
				84BA3855257188B300C59D90 /* WordModel.swift */,
				2248641225A5E9D800F8ADE8 /* DeleteWordModel.swift */,
				2248641725A5F66500F8ADE8 /* UpdateWordModel.swift */,
			);
			path = Models;
			sourceTree = "<group>";
		};
		84BA385D2571928900C59D90 /* Cells */ = {
			isa = PBXGroup;
			children = (
				84BA385E2571929100C59D90 /* WordListCell */,
			);
			path = Cells;
			sourceTree = "<group>";
		};
		84BA385E2571929100C59D90 /* WordListCell */ = {
			isa = PBXGroup;
			children = (
				84BA385F257192A200C59D90 /* WordListCell.swift */,
			);
			path = WordListCell;
			sourceTree = "<group>";
		};
/* End PBXGroup section */

/* Begin PBXNativeTarget section */
		84BA378E25716B5100C59D90 /* MyDictionary */ = {
			isa = PBXNativeTarget;
			buildConfigurationList = 84BA37BC25716B5800C59D90 /* Build configuration list for PBXNativeTarget "MyDictionary" */;
			buildPhases = (
				84BA378B25716B5100C59D90 /* Sources */,
				84BA378C25716B5100C59D90 /* Frameworks */,
				84BA378D25716B5100C59D90 /* Resources */,
			);
			buildRules = (
			);
			dependencies = (
			);
			name = MyDictionary;
			packageProductDependencies = (
			);
			productName = MyDictionary;
			productReference = 84BA378F25716B5100C59D90 /* MyDictionary.app */;
			productType = "com.apple.product-type.application";
		};
		84BA37A725716B5700C59D90 /* MyDictionaryTests */ = {
			isa = PBXNativeTarget;
			buildConfigurationList = 84BA37BF25716B5800C59D90 /* Build configuration list for PBXNativeTarget "MyDictionaryTests" */;
			buildPhases = (
				84BA37A425716B5700C59D90 /* Sources */,
				84BA37A525716B5700C59D90 /* Frameworks */,
				84BA37A625716B5700C59D90 /* Resources */,
			);
			buildRules = (
			);
			dependencies = (
				84BA37AA25716B5700C59D90 /* PBXTargetDependency */,
			);
			name = MyDictionaryTests;
			productName = MyDictionaryTests;
			productReference = 84BA37A825716B5700C59D90 /* MyDictionaryTests.xctest */;
			productType = "com.apple.product-type.bundle.unit-test";
		};
		84BA37B225716B5800C59D90 /* MyDictionaryUITests */ = {
			isa = PBXNativeTarget;
			buildConfigurationList = 84BA37C225716B5800C59D90 /* Build configuration list for PBXNativeTarget "MyDictionaryUITests" */;
			buildPhases = (
				84BA37AF25716B5800C59D90 /* Sources */,
				84BA37B025716B5800C59D90 /* Frameworks */,
				84BA37B125716B5800C59D90 /* Resources */,
			);
			buildRules = (
			);
			dependencies = (
				84BA37B525716B5800C59D90 /* PBXTargetDependency */,
			);
			name = MyDictionaryUITests;
			productName = MyDictionaryUITests;
			productReference = 84BA37B325716B5800C59D90 /* MyDictionaryUITests.xctest */;
			productType = "com.apple.product-type.bundle.ui-testing";
		};
/* End PBXNativeTarget section */

/* Begin PBXProject section */
		84BA378725716B5100C59D90 /* Project object */ = {
			isa = PBXProject;
			attributes = {
				LastSwiftUpdateCheck = 1220;
				LastUpgradeCheck = 1220;
				TargetAttributes = {
					84BA378E25716B5100C59D90 = {
						CreatedOnToolsVersion = 12.2;
					};
					84BA37A725716B5700C59D90 = {
						CreatedOnToolsVersion = 12.2;
						TestTargetID = 84BA378E25716B5100C59D90;
					};
					84BA37B225716B5800C59D90 = {
						CreatedOnToolsVersion = 12.2;
						TestTargetID = 84BA378E25716B5100C59D90;
					};
				};
			};
			buildConfigurationList = 84BA378A25716B5100C59D90 /* Build configuration list for PBXProject "MyDictionary" */;
			compatibilityVersion = "Xcode 9.3";
			developmentRegion = en;
			hasScannedForEncodings = 0;
			knownRegions = (
				en,
				Base,
			);
			mainGroup = 84BA378625716B5100C59D90;
			packageReferences = (
			);
			productRefGroup = 84BA379025716B5100C59D90 /* Products */;
			projectDirPath = "";
			projectRoot = "";
			targets = (
				84BA378E25716B5100C59D90 /* MyDictionary */,
				84BA37A725716B5700C59D90 /* MyDictionaryTests */,
				84BA37B225716B5800C59D90 /* MyDictionaryUITests */,
			);
		};
/* End PBXProject section */

/* Begin PBXResourcesBuildPhase section */
		84BA378D25716B5100C59D90 /* Resources */ = {
			isa = PBXResourcesBuildPhase;
			buildActionMask = 2147483647;
			files = (
				84BA37A225716B5700C59D90 /* LaunchScreen.storyboard in Resources */,
				2214C32E257939320019701C /* Localizable.strings in Resources */,
				84BA379F25716B5600C59D90 /* Preview Assets.xcassets in Resources */,
				84BA379C25716B5600C59D90 /* Assets.xcassets in Resources */,
			);
			runOnlyForDeploymentPostprocessing = 0;
		};
		84BA37A625716B5700C59D90 /* Resources */ = {
			isa = PBXResourcesBuildPhase;
			buildActionMask = 2147483647;
			files = (
			);
			runOnlyForDeploymentPostprocessing = 0;
		};
		84BA37B125716B5800C59D90 /* Resources */ = {
			isa = PBXResourcesBuildPhase;
			buildActionMask = 2147483647;
			files = (
			);
			runOnlyForDeploymentPostprocessing = 0;
		};
/* End PBXResourcesBuildPhase section */

/* Begin PBXSourcesBuildPhase section */
		84BA378B25716B5100C59D90 /* Sources */ = {
			isa = PBXSourcesBuildPhase;
			buildActionMask = 2147483647;
			files = (
				224826FE257D06DB00B56D57 /* ResultSaved.swift in Sources */,
				22455908259C99F000B00BD3 /* EnvironmentProtocol.swift in Sources */,
				22482708257D070A00B56D57 /* ResultWithoutSuccessGeneric.swift in Sources */,
				229A01EF257A69B8006CF2DC /* MyDictionary.xcdatamodeld in Sources */,
				22E5C97D25795D2E00B7C347 /* AddWordProtocol.swift in Sources */,
				84BA37E82571740F00C59D90 /* CoreDataStack.swift in Sources */,
				2214C30E2579334A0019701C /* LocalizableProtocol.swift in Sources */,
				2287C6BB2583A77F00E14F34 /* FetchResultWordsCount.swift in Sources */,
				229A01C3257A60FA006CF2DC /* Word+CoreDataClass.swift in Sources */,
				2214C3002579324D0019701C /* String+Extension.swift in Sources */,
				22C3F5D6257A5DEC00449FBC /* CoreDataEntityName.swift in Sources */,
				84BA3850257185D200C59D90 /* WordListModule.swift in Sources */,
				22455926259CA76000B00BD3 /* OperationProtocol.swift in Sources */,
				22482715257D1FD600B56D57 /* ResultDeletedWord.swift in Sources */,
				2289C800259B930B00DB941E /* HTTPHeader.swift in Sources */,
				22455917259CA31300B00BD3 /* ResponseType.swift in Sources */,
				22455936259CA88E00B00BD3 /* APIOperation.swift in Sources */,
				22E5C9C525796AD900B7C347 /* WordManager.swift in Sources */,
				22478AA225A348E900F8FBFC /* WordEndpoint.swift in Sources */,
				84BA38352571818400C59D90 /* WordDetailModule.swift in Sources */,
				2245592B259CA7A500B00BD3 /* RequestDispatcherProtocol.swift in Sources */,
				22400A70257A701B00699223 /* WordNSNotificationName.swift in Sources */,
				2289C820259BBDCC00DB941E /* HTTPParameters.swift in Sources */,
				22E5C993257963D700B7C347 /* FetchWordProtocol.swift in Sources */,
				22455940259CACE600B00BD3 /* APIRequestDispatcherService.swift in Sources */,
				84BA379325716B5100C59D90 /* AppDelegate.swift in Sources */,
				228D4B5325810C8800E8F27E /* WordValidationError.swift in Sources */,
				84BA3860257192A200C59D90 /* WordListCell.swift in Sources */,
				2248641325A5E9D800F8ADE8 /* DeleteWordModel.swift in Sources */,
				22E5C9CC25796E3000B7C347 /* AddWordView.swift in Sources */,
				224826EB257D068000B56D57 /* CustomCoreDataError.swift in Sources */,
				84BA383C257183FD00C59D90 /* RootView.swift in Sources */,
				22E5C9DE25796EF100B7C347 /* AddWordRouter.swift in Sources */,
				229A01C2257A60FA006CF2DC /* Word+CoreDataProperties.swift in Sources */,
				84BA382325717ED400C59D90 /* WordDetailInteractor.swift in Sources */,
				228D4B5925810FB900E8F27E /* WordValidationService.swift in Sources */,
				2289C814259BA5C600DB941E /* OperationResult.swift in Sources */,
				2245590D259C9A5B00B00BD3 /* APIEnvironment.swift in Sources */,
				22E5C99F257965C400B7C347 /* CRUDWord.swift in Sources */,
				84BA38462571850600C59D90 /* WordListInteractor.swift in Sources */,
				84BA379525716B5100C59D90 /* SceneDelegate.swift in Sources */,
				84BA384B2571852900C59D90 /* WordListRouter.swift in Sources */,
				22482703257D06EC00B56D57 /* FetchResultWords.swift in Sources */,
				84BA382B25717F1100C59D90 /* WordDetailRouter.swift in Sources */,
				22AD16AB25A89611001E2568 /* APIWordService.swift in Sources */,
				84BA37F32571769500C59D90 /* WordListView.swift in Sources */,
				84BA37FE257176E900C59D90 /* WordDetailView.swift in Sources */,
				22E5C9AF257967D500B7C347 /* WordCoreDataService.swift in Sources */,
				2289C827259BBE8200DB941E /* Endpoint.swift in Sources */,
				22455921259CA42200B00BD3 /* APINetworkSessionService.swift in Sources */,
				22E90248257FBBEA00CF5846 /* SearchBar.swift in Sources */,
				2214C307257932E60019701C /* AppLanguageType.swift in Sources */,
				2289C806259B938A00DB941E /* HTTPMethod.swift in Sources */,
				22E5C9D825796EE000B7C347 /* AddWordInteractor.swift in Sources */,
				22E5C9992579644100B7C347 /* DeleteWordProtocol.swift in Sources */,
				2245591C259CA39100B00BD3 /* NetworkSessionProtocol.swift in Sources */,
				84BA379725716B5100C59D90 /* ContentView.swift in Sources */,
				2248641825A5F66500F8ADE8 /* UpdateWordModel.swift in Sources */,
				2289C80C259B9C2000DB941E /* ConcurrentOperation.swift in Sources */,
				84BA3856257188B300C59D90 /* WordModel.swift in Sources */,
				84BA380B2571772C00C59D90 /* WordListDataModel.swift in Sources */,
				84BA3806257176F900C59D90 /* WordDetailDataModel.swift in Sources */,
				2214C324257935730019701C /* AppLanguageService.swift in Sources */,
				22E5C9B5257968CA00B7C347 /* WordSyncService.swift in Sources */,
				229F220725A4A11C000FEFD2 /* Encodable+Extension.swift in Sources */,
				22E5C9E425796F1600B7C347 /* AddWordModule.swift in Sources */,
				22455912259CA2DD00B00BD3 /* RequestType.swift in Sources */,
				84BA3841257184D600C59D90 /* WordListPresenter.swift in Sources */,
				224826F3257D06B700B56D57 /* ResultSavedWord.swift in Sources */,
				2214C31D257934D60019701C /* KeysForTranslate.swift in Sources */,
				2289C81A259BA60700DB941E /* OperationState.swift in Sources */,
				229C6C2A258007950034DCD4 /* AppStyling.swift in Sources */,
				2245593B259CAC9F00B00BD3 /* APIError.swift in Sources */,
				22E5C9D225796E7300B7C347 /* AddWordPresenter.swift in Sources */,
				84BA383025717F5300C59D90 /* WordDetailPresenter.swift in Sources */,
				22E5C9EA2579700500B7C347 /* AddWordDataModel.swift in Sources */,
				22E5C98D2579638A00B7C347 /* UpdateWordProtocol.swift in Sources */,
				2214C317257934590019701C /* Constants.swift in Sources */,
				22455930259CA7F100B00BD3 /* ResponseOperationResult.swift in Sources */,
			);
			runOnlyForDeploymentPostprocessing = 0;
		};
		84BA37A425716B5700C59D90 /* Sources */ = {
			isa = PBXSourcesBuildPhase;
			buildActionMask = 2147483647;
			files = (
				84BA37AD25716B5700C59D90 /* MyDictionaryTests.swift in Sources */,
				22400A7A257A86AB00699223 /* TestCoreDataStack.swift in Sources */,
				2248270D257D078800B56D57 /* WordCoreDataServiceTests.swift in Sources */,
			);
			runOnlyForDeploymentPostprocessing = 0;
		};
		84BA37AF25716B5800C59D90 /* Sources */ = {
			isa = PBXSourcesBuildPhase;
			buildActionMask = 2147483647;
			files = (
				84BA37B825716B5800C59D90 /* MyDictionaryUITests.swift in Sources */,
			);
			runOnlyForDeploymentPostprocessing = 0;
		};
/* End PBXSourcesBuildPhase section */

/* Begin PBXTargetDependency section */
		84BA37AA25716B5700C59D90 /* PBXTargetDependency */ = {
			isa = PBXTargetDependency;
			target = 84BA378E25716B5100C59D90 /* MyDictionary */;
			targetProxy = 84BA37A925716B5700C59D90 /* PBXContainerItemProxy */;
		};
		84BA37B525716B5800C59D90 /* PBXTargetDependency */ = {
			isa = PBXTargetDependency;
			target = 84BA378E25716B5100C59D90 /* MyDictionary */;
			targetProxy = 84BA37B425716B5800C59D90 /* PBXContainerItemProxy */;
		};
/* End PBXTargetDependency section */

/* Begin PBXVariantGroup section */
		2214C330257939320019701C /* Localizable.strings */ = {
			isa = PBXVariantGroup;
			children = (
				2214C32F257939320019701C /* en */,
			);
			name = Localizable.strings;
			sourceTree = "<group>";
		};
		84BA37A025716B5700C59D90 /* LaunchScreen.storyboard */ = {
			isa = PBXVariantGroup;
			children = (
				84BA37A125716B5700C59D90 /* Base */,
			);
			name = LaunchScreen.storyboard;
			sourceTree = "<group>";
		};
/* End PBXVariantGroup section */

/* Begin XCBuildConfiguration section */
		84BA37BA25716B5800C59D90 /* Debug */ = {
			isa = XCBuildConfiguration;
			buildSettings = {
				ALWAYS_SEARCH_USER_PATHS = NO;
				CLANG_ANALYZER_NONNULL = YES;
				CLANG_ANALYZER_NUMBER_OBJECT_CONVERSION = YES_AGGRESSIVE;
				CLANG_CXX_LANGUAGE_STANDARD = "gnu++14";
				CLANG_CXX_LIBRARY = "libc++";
				CLANG_ENABLE_MODULES = YES;
				CLANG_ENABLE_OBJC_ARC = YES;
				CLANG_ENABLE_OBJC_WEAK = YES;
				CLANG_WARN_BLOCK_CAPTURE_AUTORELEASING = YES;
				CLANG_WARN_BOOL_CONVERSION = YES;
				CLANG_WARN_COMMA = YES;
				CLANG_WARN_CONSTANT_CONVERSION = YES;
				CLANG_WARN_DEPRECATED_OBJC_IMPLEMENTATIONS = YES;
				CLANG_WARN_DIRECT_OBJC_ISA_USAGE = YES_ERROR;
				CLANG_WARN_DOCUMENTATION_COMMENTS = YES;
				CLANG_WARN_EMPTY_BODY = YES;
				CLANG_WARN_ENUM_CONVERSION = YES;
				CLANG_WARN_INFINITE_RECURSION = YES;
				CLANG_WARN_INT_CONVERSION = YES;
				CLANG_WARN_NON_LITERAL_NULL_CONVERSION = YES;
				CLANG_WARN_OBJC_IMPLICIT_RETAIN_SELF = YES;
				CLANG_WARN_OBJC_LITERAL_CONVERSION = YES;
				CLANG_WARN_OBJC_ROOT_CLASS = YES_ERROR;
				CLANG_WARN_QUOTED_INCLUDE_IN_FRAMEWORK_HEADER = YES;
				CLANG_WARN_RANGE_LOOP_ANALYSIS = YES;
				CLANG_WARN_STRICT_PROTOTYPES = YES;
				CLANG_WARN_SUSPICIOUS_MOVE = YES;
				CLANG_WARN_UNGUARDED_AVAILABILITY = YES_AGGRESSIVE;
				CLANG_WARN_UNREACHABLE_CODE = YES;
				CLANG_WARN__DUPLICATE_METHOD_MATCH = YES;
				COPY_PHASE_STRIP = NO;
				DEBUG_INFORMATION_FORMAT = dwarf;
				ENABLE_STRICT_OBJC_MSGSEND = YES;
				ENABLE_TESTABILITY = YES;
				GCC_C_LANGUAGE_STANDARD = gnu11;
				GCC_DYNAMIC_NO_PIC = NO;
				GCC_NO_COMMON_BLOCKS = YES;
				GCC_OPTIMIZATION_LEVEL = 0;
				GCC_PREPROCESSOR_DEFINITIONS = (
					"DEBUG=1",
					"$(inherited)",
				);
				GCC_WARN_64_TO_32_BIT_CONVERSION = YES;
				GCC_WARN_ABOUT_RETURN_TYPE = YES_ERROR;
				GCC_WARN_UNDECLARED_SELECTOR = YES;
				GCC_WARN_UNINITIALIZED_AUTOS = YES_AGGRESSIVE;
				GCC_WARN_UNUSED_FUNCTION = YES;
				GCC_WARN_UNUSED_VARIABLE = YES;
				IPHONEOS_DEPLOYMENT_TARGET = 13.0;
				MTL_ENABLE_DEBUG_INFO = INCLUDE_SOURCE;
				MTL_FAST_MATH = YES;
				ONLY_ACTIVE_ARCH = YES;
				SDKROOT = iphoneos;
				SWIFT_ACTIVE_COMPILATION_CONDITIONS = DEBUG;
				SWIFT_OPTIMIZATION_LEVEL = "-Onone";
			};
			name = Debug;
		};
		84BA37BB25716B5800C59D90 /* Release */ = {
			isa = XCBuildConfiguration;
			buildSettings = {
				ALWAYS_SEARCH_USER_PATHS = NO;
				CLANG_ANALYZER_NONNULL = YES;
				CLANG_ANALYZER_NUMBER_OBJECT_CONVERSION = YES_AGGRESSIVE;
				CLANG_CXX_LANGUAGE_STANDARD = "gnu++14";
				CLANG_CXX_LIBRARY = "libc++";
				CLANG_ENABLE_MODULES = YES;
				CLANG_ENABLE_OBJC_ARC = YES;
				CLANG_ENABLE_OBJC_WEAK = YES;
				CLANG_WARN_BLOCK_CAPTURE_AUTORELEASING = YES;
				CLANG_WARN_BOOL_CONVERSION = YES;
				CLANG_WARN_COMMA = YES;
				CLANG_WARN_CONSTANT_CONVERSION = YES;
				CLANG_WARN_DEPRECATED_OBJC_IMPLEMENTATIONS = YES;
				CLANG_WARN_DIRECT_OBJC_ISA_USAGE = YES_ERROR;
				CLANG_WARN_DOCUMENTATION_COMMENTS = YES;
				CLANG_WARN_EMPTY_BODY = YES;
				CLANG_WARN_ENUM_CONVERSION = YES;
				CLANG_WARN_INFINITE_RECURSION = YES;
				CLANG_WARN_INT_CONVERSION = YES;
				CLANG_WARN_NON_LITERAL_NULL_CONVERSION = YES;
				CLANG_WARN_OBJC_IMPLICIT_RETAIN_SELF = YES;
				CLANG_WARN_OBJC_LITERAL_CONVERSION = YES;
				CLANG_WARN_OBJC_ROOT_CLASS = YES_ERROR;
				CLANG_WARN_QUOTED_INCLUDE_IN_FRAMEWORK_HEADER = YES;
				CLANG_WARN_RANGE_LOOP_ANALYSIS = YES;
				CLANG_WARN_STRICT_PROTOTYPES = YES;
				CLANG_WARN_SUSPICIOUS_MOVE = YES;
				CLANG_WARN_UNGUARDED_AVAILABILITY = YES_AGGRESSIVE;
				CLANG_WARN_UNREACHABLE_CODE = YES;
				CLANG_WARN__DUPLICATE_METHOD_MATCH = YES;
				COPY_PHASE_STRIP = NO;
				DEBUG_INFORMATION_FORMAT = "dwarf-with-dsym";
				ENABLE_NS_ASSERTIONS = NO;
				ENABLE_STRICT_OBJC_MSGSEND = YES;
				GCC_C_LANGUAGE_STANDARD = gnu11;
				GCC_NO_COMMON_BLOCKS = YES;
				GCC_WARN_64_TO_32_BIT_CONVERSION = YES;
				GCC_WARN_ABOUT_RETURN_TYPE = YES_ERROR;
				GCC_WARN_UNDECLARED_SELECTOR = YES;
				GCC_WARN_UNINITIALIZED_AUTOS = YES_AGGRESSIVE;
				GCC_WARN_UNUSED_FUNCTION = YES;
				GCC_WARN_UNUSED_VARIABLE = YES;
				IPHONEOS_DEPLOYMENT_TARGET = 13.0;
				MTL_ENABLE_DEBUG_INFO = NO;
				MTL_FAST_MATH = YES;
				SDKROOT = iphoneos;
				SWIFT_COMPILATION_MODE = wholemodule;
				SWIFT_OPTIMIZATION_LEVEL = "-O";
				VALIDATE_PRODUCT = YES;
			};
			name = Release;
		};
		84BA37BD25716B5800C59D90 /* Debug */ = {
			isa = XCBuildConfiguration;
			buildSettings = {
				ASSETCATALOG_COMPILER_APPICON_NAME = AppIcon;
				ASSETCATALOG_COMPILER_GLOBAL_ACCENT_COLOR_NAME = AccentColor;
				CODE_SIGN_STYLE = Manual;
				DEVELOPMENT_ASSET_PATHS = "\"MyDictionary/Preview Content\"";
				DEVELOPMENT_TEAM = "";
				ENABLE_PREVIEWS = YES;
				INFOPLIST_FILE = MyDictionary/Resources/InfoPlist/Info.plist;
				IPHONEOS_DEPLOYMENT_TARGET = 13.0;
				LD_RUNPATH_SEARCH_PATHS = (
					"$(inherited)",
					"@executable_path/Frameworks",
				);
				PRODUCT_BUNDLE_IDENTIFIER = com.myDictionary;
				PRODUCT_NAME = "$(TARGET_NAME)";
				PROVISIONING_PROFILE_SPECIFIER = "";
				SWIFT_VERSION = 5.0;
				TARGETED_DEVICE_FAMILY = "1,2";
			};
			name = Debug;
		};
		84BA37BE25716B5800C59D90 /* Release */ = {
			isa = XCBuildConfiguration;
			buildSettings = {
				ASSETCATALOG_COMPILER_APPICON_NAME = AppIcon;
				ASSETCATALOG_COMPILER_GLOBAL_ACCENT_COLOR_NAME = AccentColor;
				CODE_SIGN_STYLE = Manual;
				DEVELOPMENT_ASSET_PATHS = "\"MyDictionary/Preview Content\"";
				DEVELOPMENT_TEAM = "";
				ENABLE_PREVIEWS = YES;
				INFOPLIST_FILE = MyDictionary/Resources/InfoPlist/Info.plist;
				IPHONEOS_DEPLOYMENT_TARGET = 13.0;
				LD_RUNPATH_SEARCH_PATHS = (
					"$(inherited)",
					"@executable_path/Frameworks",
				);
				PRODUCT_BUNDLE_IDENTIFIER = com.myDictionary;
				PRODUCT_NAME = "$(TARGET_NAME)";
				PROVISIONING_PROFILE_SPECIFIER = "";
				SWIFT_VERSION = 5.0;
				TARGETED_DEVICE_FAMILY = "1,2";
			};
			name = Release;
		};
		84BA37C025716B5800C59D90 /* Debug */ = {
			isa = XCBuildConfiguration;
			buildSettings = {
				ALWAYS_EMBED_SWIFT_STANDARD_LIBRARIES = YES;
				BUNDLE_LOADER = "$(TEST_HOST)";
				CODE_SIGN_STYLE = Automatic;
				DEVELOPMENT_TEAM = URMC99RRR3;
				INFOPLIST_FILE = MyDictionaryTests/Info.plist;
				IPHONEOS_DEPLOYMENT_TARGET = 14.2;
				LD_RUNPATH_SEARCH_PATHS = (
					"$(inherited)",
					"@executable_path/Frameworks",
					"@loader_path/Frameworks",
				);
				PRODUCT_BUNDLE_IDENTIFIER = admin.MyDictionaryTests;
				PRODUCT_NAME = "$(TARGET_NAME)";
				SWIFT_VERSION = 5.0;
				TARGETED_DEVICE_FAMILY = "1,2";
				TEST_HOST = "$(BUILT_PRODUCTS_DIR)/MyDictionary.app/MyDictionary";
			};
			name = Debug;
		};
		84BA37C125716B5800C59D90 /* Release */ = {
			isa = XCBuildConfiguration;
			buildSettings = {
				ALWAYS_EMBED_SWIFT_STANDARD_LIBRARIES = YES;
				BUNDLE_LOADER = "$(TEST_HOST)";
				CODE_SIGN_STYLE = Automatic;
				DEVELOPMENT_TEAM = URMC99RRR3;
				INFOPLIST_FILE = MyDictionaryTests/Info.plist;
				IPHONEOS_DEPLOYMENT_TARGET = 14.2;
				LD_RUNPATH_SEARCH_PATHS = (
					"$(inherited)",
					"@executable_path/Frameworks",
					"@loader_path/Frameworks",
				);
				PRODUCT_BUNDLE_IDENTIFIER = admin.MyDictionaryTests;
				PRODUCT_NAME = "$(TARGET_NAME)";
				SWIFT_VERSION = 5.0;
				TARGETED_DEVICE_FAMILY = "1,2";
				TEST_HOST = "$(BUILT_PRODUCTS_DIR)/MyDictionary.app/MyDictionary";
			};
			name = Release;
		};
		84BA37C325716B5800C59D90 /* Debug */ = {
			isa = XCBuildConfiguration;
			buildSettings = {
				ALWAYS_EMBED_SWIFT_STANDARD_LIBRARIES = YES;
				CODE_SIGN_STYLE = Automatic;
				DEVELOPMENT_TEAM = URMC99RRR3;
				INFOPLIST_FILE = MyDictionaryUITests/Info.plist;
				LD_RUNPATH_SEARCH_PATHS = (
					"$(inherited)",
					"@executable_path/Frameworks",
					"@loader_path/Frameworks",
				);
				PRODUCT_BUNDLE_IDENTIFIER = admin.MyDictionaryUITests;
				PRODUCT_NAME = "$(TARGET_NAME)";
				SWIFT_VERSION = 5.0;
				TARGETED_DEVICE_FAMILY = "1,2";
				TEST_TARGET_NAME = MyDictionary;
			};
			name = Debug;
		};
		84BA37C425716B5800C59D90 /* Release */ = {
			isa = XCBuildConfiguration;
			buildSettings = {
				ALWAYS_EMBED_SWIFT_STANDARD_LIBRARIES = YES;
				CODE_SIGN_STYLE = Automatic;
				DEVELOPMENT_TEAM = URMC99RRR3;
				INFOPLIST_FILE = MyDictionaryUITests/Info.plist;
				LD_RUNPATH_SEARCH_PATHS = (
					"$(inherited)",
					"@executable_path/Frameworks",
					"@loader_path/Frameworks",
				);
				PRODUCT_BUNDLE_IDENTIFIER = admin.MyDictionaryUITests;
				PRODUCT_NAME = "$(TARGET_NAME)";
				SWIFT_VERSION = 5.0;
				TARGETED_DEVICE_FAMILY = "1,2";
				TEST_TARGET_NAME = MyDictionary;
			};
			name = Release;
		};
/* End XCBuildConfiguration section */

/* Begin XCConfigurationList section */
		84BA378A25716B5100C59D90 /* Build configuration list for PBXProject "MyDictionary" */ = {
			isa = XCConfigurationList;
			buildConfigurations = (
				84BA37BA25716B5800C59D90 /* Debug */,
				84BA37BB25716B5800C59D90 /* Release */,
			);
			defaultConfigurationIsVisible = 0;
			defaultConfigurationName = Release;
		};
		84BA37BC25716B5800C59D90 /* Build configuration list for PBXNativeTarget "MyDictionary" */ = {
			isa = XCConfigurationList;
			buildConfigurations = (
				84BA37BD25716B5800C59D90 /* Debug */,
				84BA37BE25716B5800C59D90 /* Release */,
			);
			defaultConfigurationIsVisible = 0;
			defaultConfigurationName = Release;
		};
		84BA37BF25716B5800C59D90 /* Build configuration list for PBXNativeTarget "MyDictionaryTests" */ = {
			isa = XCConfigurationList;
			buildConfigurations = (
				84BA37C025716B5800C59D90 /* Debug */,
				84BA37C125716B5800C59D90 /* Release */,
			);
			defaultConfigurationIsVisible = 0;
			defaultConfigurationName = Release;
		};
		84BA37C225716B5800C59D90 /* Build configuration list for PBXNativeTarget "MyDictionaryUITests" */ = {
			isa = XCConfigurationList;
			buildConfigurations = (
				84BA37C325716B5800C59D90 /* Debug */,
				84BA37C425716B5800C59D90 /* Release */,
			);
			defaultConfigurationIsVisible = 0;
			defaultConfigurationName = Release;
		};
/* End XCConfigurationList section */

/* Begin XCVersionGroup section */
		229A01E3257A645C006CF2DC /* MyDictionary.xcdatamodeld */ = {
			isa = XCVersionGroup;
			children = (
				229A01E4257A645C006CF2DC /* MyDictionary.xcdatamodel */,
			);
			currentVersion = 229A01E4257A645C006CF2DC /* MyDictionary.xcdatamodel */;
			path = MyDictionary.xcdatamodeld;
			sourceTree = "<group>";
			versionGroupType = wrapper.xcdatamodel;
		};
/* End XCVersionGroup section */
	};
	rootObject = 84BA378725716B5100C59D90 /* Project object */;
}
